<?xml version="1.0" encoding="utf-8"?>
<Project ToolsVersion="4.0" xmlns="http://schemas.microsoft.com/developer/msbuild/2003">
  <ItemGroup>
    <Filter Include="Header Files">
      <UniqueIdentifier>{077074d6-ac45-4b13-85dc-7259f1c8a8a4}</UniqueIdentifier>
    </Filter>
    <Filter Include="Source Files">
      <UniqueIdentifier>{4ff52fb4-ae78-468f-8956-b8b46e0989bb}</UniqueIdentifier>
    </Filter>
    <Filter Include="TwinCAT UM Files">
      <UniqueIdentifier>{a17f89b6-a838-4429-96db-bd275d704a88}</UniqueIdentifier>
    </Filter>
    <Filter Include="TwinCAT RT Files">
      <UniqueIdentifier>{49c22c75-863a-4c4e-aea4-4f07f88a7dc7}</UniqueIdentifier>
    </Filter>
    <Filter Include="TMC Files">
      <UniqueIdentifier>{e00a83bd-ba59-4ac5-8462-2a4377e674a9}</UniqueIdentifier>
    </Filter>
  </ItemGroup>
  <ItemGroup>
    <ClInclude Include="Resource.h">
      <Filter>Header Files</Filter>
    </ClInclude>
    <ClInclude Include="TcPch.h">
      <Filter>Header Files</Filter>
    </ClInclude>
    <ClInclude Include="PLC_SteuerungClassFactory.h">
      <Filter>Header Files</Filter>
    </ClInclude>
    <ClInclude Include="PLC_SteuerungInterfaces.h">
      <Filter>Header Files</Filter>
    </ClInclude>
    <ClInclude Include="PLC_SteuerungServices.h">
      <Filter>Header Files</Filter>
    </ClInclude>
    <ClInclude Include="PLC_SteuerungCtrl.h">
      <Filter>TwinCAT UM Files</Filter>
    </ClInclude>
    <ClInclude Include="PLC_SteuerungDriver.h">
      <Filter>TwinCAT RT Files</Filter>
    </ClInclude>
    <ClInclude Include="KM_App_Main.h">
      <Filter>Header Files</Filter>
    </ClInclude>
    <ClInclude Include="KM_App_MainAds.h">
      <Filter>Header Files</Filter>
    </ClInclude>
    <ClInclude Include="KM_Ads.h">
      <Filter>Header Files</Filter>
    </ClInclude>
    <ClInclude Include="KM_GlobalObjects.h">
      <Filter>Header Files</Filter>
    </ClInclude>
    <ClInclude Include="KM_Level_A.h">
      <Filter>Header Files</Filter>
    </ClInclude>
    <ClInclude Include="KM_Level_B.h">
      <Filter>Header Files</Filter>
    </ClInclude>
    <ClInclude Include="KM_Level_C.h">
      <Filter>Header Files</Filter>
    </ClInclude>
  </ItemGroup>
  <ItemGroup>
    <ClCompile Include="TcPch.cpp">
      <Filter>Source Files</Filter>
    </ClCompile>
    <ClCompile Include="PLC_SteuerungClassFactory.cpp">
      <Filter>Source Files</Filter>
    </ClCompile>
    <ClCompile Include="PLC_SteuerungCtrl.cpp">
      <Filter>TwinCAT UM Files</Filter>
    </ClCompile>
    <ClCompile Include="PLC_SteuerungW32.cpp">
      <Filter>TwinCAT UM Files</Filter>
    </ClCompile>
    <ClCompile Include="PLC_SteuerungDriver.cpp">
      <Filter>TwinCAT RT Files</Filter>
    </ClCompile>
    <ClCompile Include="KM_App_Main.cpp">
      <Filter>Source Files</Filter>
    </ClCompile>
    <ClCompile Include="KM_GlobalObjects.cpp">
      <Filter>Source Files</Filter>
    </ClCompile>
    <ClCompile Include="KM_Level_A.cpp">
      <Filter>Source Files</Filter>
    </ClCompile>
    <ClCompile Include="KM_Level_B.cpp">
      <Filter>Source Files</Filter>
    </ClCompile>
    <ClCompile Include="KM_Level_C.cpp">
      <Filter>Source Files</Filter>
    </ClCompile>
    <ClCompile Include="KM_Ads.cpp">
      <Filter>Source Files</Filter>
    </ClCompile>
  </ItemGroup>
  <ItemGroup>
    <ResourceCompile Include="PLC_Steuerung.rc">
      <Filter>Source Files</Filter>
    </ResourceCompile>
  </ItemGroup>
  <ItemGroup>
    <None Include="PLC_SteuerungW32.def">
      <Filter>TwinCAT UM Files</Filter>
    </None>
    <None Include="PLC_Steuerung.tmc">
      <Filter>TMC Files</Filter>
    </None>
  </ItemGroup>
  <ItemGroup>
    <Midl Include="PLC_SteuerungW32.idl">
      <Filter>TwinCAT UM Files</Filter>
    </Midl>
  </ItemGroup>
</Project>